
Microsoft Visual Studio Solution File, Format Version 10.00
# Visual Studio 2008
Project("{8BC9CEB8-8B4A-11D0-8D11-00A0C91BC942}") = "rr", "rr\rr.vcproj", "{37E5FDA6-CBC2-4373-B58E-8BCF327FB454}"
EndProject
Global
	GlobalSection(SolutionConfigurationPlatforms) = preSolution
		Debug|Win32 = Debug|Win32
		Release|Win32 = Release|Win32
	EndGlobalSection
	GlobalSection(ProjectConfigurationPlatforms) = postSolution
		{37E5FDA6-CBC2-4373-B58E-8BCF327FB454}.Debug|Win32.ActiveCfg = Debug|Win32
		{37E5FDA6-CBC2-4373-B58E-8BCF327FB454}.Debug|Win32.Build.0 = Debug|Win32
		{37E5FDA6-CBC2-4373-B58E-8BCF327FB454}.Release|Win32.ActiveCfg = Release|Win32
		{37E5FDA6-CBC2-4373-B58E-8BCF327FB454}.Release|Win32.Build.0 = Release|Win32
	EndGlobalSection
	GlobalSection(SolutionProperties) = preSolution
		HideSolutionNode = FALSE
	EndGlobalSection
EndGlobal
